
Microsoft Visual Studio Solution File, Format Version 12.00
# Visual Studio 15
VisualStudioVersion = 15.0.27703.2026
MinimumVisualStudioVersion = 10.0.40219.1
Project("{FAE04EC0-301F-11D3-BF4B-00C04F79EFBC}") = "Authorization_Tests", "Authorization_Tests\Authorization_Tests.csproj", "{7B9A7DBF-7B9D-4379-A38E-92D4C5CD72B9}"
EndProject
Project("{FAE04EC0-301F-11D3-BF4B-00C04F79EFBC}") = "Authorization", "Authorization\Authorization.csproj", "{615CD642-449C-492C-80AE-BA1D6A2BFB34}"
EndProject
Global
	GlobalSection(SolutionConfigurationPlatforms) = preSolution
		Debug|Any CPU = Debug|Any CPU
		Release|Any CPU = Release|Any CPU
	EndGlobalSection
	GlobalSection(ProjectConfigurationPlatforms) = postSolution
		{7B9A7DBF-7B9D-4379-A38E-92D4C5CD72B9}.Debug|Any CPU.ActiveCfg = Debug|Any CPU
		{7B9A7DBF-7B9D-4379-A38E-92D4C5CD72B9}.Debug|Any CPU.Build.0 = Debug|Any CPU
		{7B9A7DBF-7B9D-4379-A38E-92D4C5CD72B9}.Release|Any CPU.ActiveCfg = Release|Any CPU
		{7B9A7DBF-7B9D-4379-A38E-92D4C5CD72B9}.Release|Any CPU.Build.0 = Release|Any CPU
		{615CD642-449C-492C-80AE-BA1D6A2BFB34}.Debug|Any CPU.ActiveCfg = Debug|Any CPU
		{615CD642-449C-492C-80AE-BA1D6A2BFB34}.Debug|Any CPU.Build.0 = Debug|Any CPU
		{615CD642-449C-492C-80AE-BA1D6A2BFB34}.Release|Any CPU.ActiveCfg = Release|Any CPU
		{615CD642-449C-492C-80AE-BA1D6A2BFB34}.Release|Any CPU.Build.0 = Release|Any CPU
	EndGlobalSection
	GlobalSection(SolutionProperties) = preSolution
		HideSolutionNode = FALSE
	EndGlobalSection
	GlobalSection(ExtensibilityGlobals) = postSolution
		SolutionGuid = {106C1C4A-47C6-4BB0-8B2F-C7D9AFFB27EE}
	EndGlobalSection
EndGlobal
